
Microsoft Visual Studio Solution File, Format Version 12.00
# Visual Studio 2012
Project("{FAE04EC0-301F-11D3-BF4B-00C04F79EFBC}") = "PeopleViewer", "PeopleViewer\PeopleViewer.csproj", "{FFC95F55-AC5F-446D-87AC-7F0236DD5D86}"
EndProject
Project("{FAE04EC0-301F-11D3-BF4B-00C04F79EFBC}") = "PersonLibrary", "PersonLibrary\PersonLibrary.csproj", "{19CA0C67-87BB-47CA-BC35-4D337DC88F86}"
EndProject
Global
	GlobalSection(SolutionConfigurationPlatforms) = preSolution
		Debug|Any CPU = Debug|Any CPU
		Release|Any CPU = Release|Any CPU
	EndGlobalSection
	GlobalSection(ProjectConfigurationPlatforms) = postSolution
		{FFC95F55-AC5F-446D-87AC-7F0236DD5D86}.Debug|Any CPU.ActiveCfg = Debug|Any CPU
		{FFC95F55-AC5F-446D-87AC-7F0236DD5D86}.Debug|Any CPU.Build.0 = Debug|Any CPU
		{FFC95F55-AC5F-446D-87AC-7F0236DD5D86}.Release|Any CPU.ActiveCfg = Release|Any CPU
		{FFC95F55-AC5F-446D-87AC-7F0236DD5D86}.Release|Any CPU.Build.0 = Release|Any CPU
		{19CA0C67-87BB-47CA-BC35-4D337DC88F86}.Debug|Any CPU.ActiveCfg = Debug|Any CPU
		{19CA0C67-87BB-47CA-BC35-4D337DC88F86}.Debug|Any CPU.Build.0 = Debug|Any CPU
		{19CA0C67-87BB-47CA-BC35-4D337DC88F86}.Release|Any CPU.ActiveCfg = Release|Any CPU
		{19CA0C67-87BB-47CA-BC35-4D337DC88F86}.Release|Any CPU.Build.0 = Release|Any CPU
	EndGlobalSection
	GlobalSection(SolutionProperties) = preSolution
		HideSolutionNode = FALSE
	EndGlobalSection
EndGlobal
